
Microsoft Visual Studio Solution File, Format Version 12.00
# Visual Studio Version 17
VisualStudioVersion = 17.11.35312.102
MinimumVisualStudioVersion = 10.0.40219.1
Project("{9A19103F-16F7-4668-BE54-9A1E7A4F7556}") = "TeamcityTestingFramework", "TeamcityTestingFramework\TeamcityTestingFramework.csproj", "{1F78958A-EE61-484D-9E30-31BDFA8C610C}"
EndProject
Global
	GlobalSection(SolutionConfigurationPlatforms) = preSolution
		Debug|Any CPU = Debug|Any CPU
		Release|Any CPU = Release|Any CPU
	EndGlobalSection
	GlobalSection(ProjectConfigurationPlatforms) = postSolution
		{1F78958A-EE61-484D-9E30-31BDFA8C610C}.Debug|Any CPU.ActiveCfg = Debug|Any CPU
		{1F78958A-EE61-484D-9E30-31BDFA8C610C}.Debug|Any CPU.Build.0 = Debug|Any CPU
		{1F78958A-EE61-484D-9E30-31BDFA8C610C}.Release|Any CPU.ActiveCfg = Release|Any CPU
		{1F78958A-EE61-484D-9E30-31BDFA8C610C}.Release|Any CPU.Build.0 = Release|Any CPU
	EndGlobalSection
	GlobalSection(SolutionProperties) = preSolution
		HideSolutionNode = FALSE
	EndGlobalSection
	GlobalSection(ExtensibilityGlobals) = postSolution
		SolutionGuid = {AFF3308D-DF93-4DDC-995E-47C99365C103}
	EndGlobalSection
EndGlobal
